{
    "version": 3,
    "terraform_version": "0.11.8",
    "serial": 34,
    "lineage": "2ac9b782-40e7-52ba-0d15-f8aca2d40568",
    "modules": [
        {
            "path": [
                "root"
            ],
            "outputs": {},
            "resources": {
                "aws_ebs_volume.vol": {
                    "type": "aws_ebs_volume",
                    "depends_on": [
                        "aws_subnet.PriSub1"
                    ],
                    "primary": {
                        "id": "vol-0645d6c7b47509de6",
                        "attributes": {
                            "arn": "arn:aws:ec2:us-east-2:721603789875:volume/vol-0645d6c7b47509de6",
                            "availability_zone": "us-east-2c",
                            "encrypted": "false",
                            "id": "vol-0645d6c7b47509de6",
                            "size": "20",
                            "snapshot_id": "",
                            "tags.%": "1",
                            "tags.Name": "EbsVolume",
                            "type": "gp2"
                        },
                        "meta": {},
                        "tainted": false
                    },
                    "deposed": [],
                    "provider": "provider.aws"
                },
                "aws_eip.eip": {
                    "type": "aws_eip",
                    "depends_on": [
                        "aws_internet_gateway.ig"
                    ],
                    "primary": {
                        "id": "eipalloc-0bb47ef48cb374c08",
                        "attributes": {
                            "association_id": "eipassoc-ae729374",
                            "domain": "vpc",
                            "id": "eipalloc-0bb47ef48cb374c08",
                            "instance": "",
                            "network_interface": "eni-04e95ce509f212029",
                            "private_ip": "10.0.1.84",
                            "public_ip": "13.58.34.148",
                            "tags.%": "0",
                            "vpc": "true"
                        },
                        "meta": {
                            "e2bfb730-ecaa-11e6-8f88-34363bc7c4c0": {
                                "delete": 180000000000,
                                "read": 900000000000,
                                "update": 300000000000
                            }
                        },
                        "tainted": false
                    },
                    "deposed": [],
                    "provider": "provider.aws"
                },
                "aws_instance.instance": {
                    "type": "aws_instance",
                    "depends_on": [
                        "aws_security_group.sgdb",
                        "aws_subnet.PriSub1"
                    ],
                    "primary": {
                        "id": "i-0af4893c4a99507a5",
                        "attributes": {
                            "ami": "ami-03291866",
                            "arn": "arn:aws:ec2:us-east-2:721603789875:instance/i-0af4893c4a99507a5",
                            "associate_public_ip_address": "true",
                            "availability_zone": "us-east-2c",
                            "cpu_core_count": "1",
                            "cpu_threads_per_core": "1",
                            "credit_specification.#": "1",
                            "credit_specification.0.cpu_credits": "standard",
                            "disable_api_termination": "false",
                            "ebs_block_device.#": "1",
                            "ebs_block_device.3935708772.delete_on_termination": "true",
                            "ebs_block_device.3935708772.device_name": "/dev/xvda",
                            "ebs_block_device.3935708772.encrypted": "false",
                            "ebs_block_device.3935708772.iops": "100",
                            "ebs_block_device.3935708772.snapshot_id": "",
                            "ebs_block_device.3935708772.volume_id": "vol-05c92456d0332b705",
                            "ebs_block_device.3935708772.volume_size": "20",
                            "ebs_block_device.3935708772.volume_type": "gp2",
                            "ebs_optimized": "false",
                            "ephemeral_block_device.#": "0",
                            "get_password_data": "false",
                            "iam_instance_profile": "",
                            "id": "i-0af4893c4a99507a5",
                            "instance_state": "running",
                            "instance_type": "t2.micro",
                            "ipv6_addresses.#": "0",
                            "key_name": "terraform",
                            "monitoring": "false",
                            "network_interface.#": "0",
                            "network_interface_id": "eni-0113ebec708dda4b3",
                            "password_data": "",
                            "placement_group": "",
                            "primary_network_interface_id": "eni-0113ebec708dda4b3",
                            "private_dns": "ip-10-0-3-219.us-east-2.compute.internal",
                            "private_ip": "10.0.3.219",
                            "public_dns": "ec2-13-58-151-193.us-east-2.compute.amazonaws.com",
                            "public_ip": "13.58.151.193",
                            "root_block_device.#": "1",
                            "root_block_device.0.delete_on_termination": "true",
                            "root_block_device.0.iops": "100",
                            "root_block_device.0.volume_id": "vol-0a02a5531992569c6",
                            "root_block_device.0.volume_size": "10",
                            "root_block_device.0.volume_type": "gp2",
                            "security_groups.#": "0",
                            "source_dest_check": "true",
                            "subnet_id": "subnet-0f2483b491febb3fc",
                            "tags.%": "1",
                            "tags.Name": "server",
                            "tenancy": "default",
                            "volume_tags.%": "0",
                            "vpc_security_group_ids.#": "1",
                            "vpc_security_group_ids.4035575717": "sg-054e566caf80b68d8"
                        },
                        "meta": {
                            "e2bfb730-ecaa-11e6-8f88-34363bc7c4c0": {
                                "create": 600000000000,
                                "delete": 1200000000000,
                                "update": 600000000000
                            },
                            "schema_version": "1"
                        },
                        "tainted": false
                    },
                    "deposed": [],
                    "provider": "provider.aws"
                },
                "aws_instance.instance22": {
                    "type": "aws_instance",
                    "depends_on": [
                        "aws_security_group.sg",
                        "aws_subnet.PubSub1"
                    ],
                    "primary": {
                        "id": "i-0f6f56a7477a3dcd5",
                        "attributes": {
                            "ami": "ami-03291866",
                            "arn": "arn:aws:ec2:us-east-2:721603789875:instance/i-0f6f56a7477a3dcd5",
                            "associate_public_ip_address": "true",
                            "availability_zone": "us-east-2c",
                            "cpu_core_count": "1",
                            "cpu_threads_per_core": "1",
                            "credit_specification.#": "1",
                            "credit_specification.0.cpu_credits": "standard",
                            "disable_api_termination": "false",
                            "ebs_block_device.#": "1",
                            "ebs_block_device.3935708772.delete_on_termination": "true",
                            "ebs_block_device.3935708772.device_name": "/dev/xvda",
                            "ebs_block_device.3935708772.encrypted": "false",
                            "ebs_block_device.3935708772.iops": "100",
                            "ebs_block_device.3935708772.snapshot_id": "",
                            "ebs_block_device.3935708772.volume_id": "vol-07574c96f541a4ff6",
                            "ebs_block_device.3935708772.volume_size": "20",
                            "ebs_block_device.3935708772.volume_type": "gp2",
                            "ebs_optimized": "false",
                            "ephemeral_block_device.#": "0",
                            "get_password_data": "false",
                            "iam_instance_profile": "",
                            "id": "i-0f6f56a7477a3dcd5",
                            "instance_state": "running",
                            "instance_type": "t2.micro",
                            "ipv6_addresses.#": "0",
                            "key_name": "terraform",
                            "monitoring": "false",
                            "network_interface.#": "0",
                            "network_interface_id": "eni-0fa76b985481f03f6",
                            "password_data": "",
                            "placement_group": "",
                            "primary_network_interface_id": "eni-0fa76b985481f03f6",
                            "private_dns": "ip-10-0-1-124.us-east-2.compute.internal",
                            "private_ip": "10.0.1.124",
                            "public_dns": "ec2-18-191-166-196.us-east-2.compute.amazonaws.com",
                            "public_ip": "18.191.166.196",
                            "root_block_device.#": "1",
                            "root_block_device.0.delete_on_termination": "true",
                            "root_block_device.0.iops": "100",
                            "root_block_device.0.volume_id": "vol-0c668e73649c13f7d",
                            "root_block_device.0.volume_size": "10",
                            "root_block_device.0.volume_type": "gp2",
                            "security_groups.#": "0",
                            "source_dest_check": "true",
                            "subnet_id": "subnet-057bd9c00fe3564b3",
                            "tags.%": "1",
                            "tags.Name": "server11",
                            "tenancy": "default",
                            "volume_tags.%": "0",
                            "vpc_security_group_ids.#": "1",
                            "vpc_security_group_ids.4193882702": "sg-047e9a4cc52e3f061"
                        },
                        "meta": {
                            "e2bfb730-ecaa-11e6-8f88-34363bc7c4c0": {
                                "create": 600000000000,
                                "delete": 1200000000000,
                                "update": 600000000000
                            },
                            "schema_version": "1"
                        },
                        "tainted": false
                    },
                    "deposed": [],
                    "provider": "provider.aws"
                },
                "aws_internet_gateway.ig": {
                    "type": "aws_internet_gateway",
                    "depends_on": [
                        "aws_vpc.vpc"
                    ],
                    "primary": {
                        "id": "igw-037231af0e7600e93",
                        "attributes": {
                            "id": "igw-037231af0e7600e93",
                            "tags.%": "1",
                            "tags.Name": "INTERNET GATEWAY",
                            "vpc_id": "vpc-0fa24007fa183622e"
                        },
                        "meta": {},
                        "tainted": false
                    },
                    "deposed": [],
                    "provider": "provider.aws"
                },
                "aws_nat_gateway.nat": {
                    "type": "aws_nat_gateway",
                    "depends_on": [
                        "aws_eip.eip",
                        "aws_internet_gateway.ig",
                        "aws_subnet.PubSub1"
                    ],
                    "primary": {
                        "id": "nat-093977c4b8ec467cd",
                        "attributes": {
                            "allocation_id": "eipalloc-0bb47ef48cb374c08",
                            "id": "nat-093977c4b8ec467cd",
                            "network_interface_id": "eni-04e95ce509f212029",
                            "private_ip": "10.0.1.84",
                            "public_ip": "13.58.34.148",
                            "subnet_id": "subnet-057bd9c00fe3564b3",
                            "tags.%": "0"
                        },
                        "meta": {},
                        "tainted": false
                    },
                    "deposed": [],
                    "provider": "provider.aws"
                },
                "aws_network_acl.main": {
                    "type": "aws_network_acl",
                    "depends_on": [
                        "aws_vpc.vpc"
                    ],
                    "primary": {
                        "id": "acl-059acce56032f556d",
                        "attributes": {
                            "egress.#": "1",
                            "egress.490240972.action": "allow",
                            "egress.490240972.cidr_block": "10.3.0.0/18",
                            "egress.490240972.from_port": "443",
                            "egress.490240972.icmp_code": "0",
                            "egress.490240972.icmp_type": "0",
                            "egress.490240972.ipv6_cidr_block": "",
                            "egress.490240972.protocol": "6",
                            "egress.490240972.rule_no": "200",
                            "egress.490240972.to_port": "443",
                            "id": "acl-059acce56032f556d",
                            "ingress.#": "1",
                            "ingress.2991483532.action": "allow",
                            "ingress.2991483532.cidr_block": "10.3.0.0/18",
                            "ingress.2991483532.from_port": "80",
                            "ingress.2991483532.icmp_code": "0",
                            "ingress.2991483532.icmp_type": "0",
                            "ingress.2991483532.ipv6_cidr_block": "",
                            "ingress.2991483532.protocol": "6",
                            "ingress.2991483532.rule_no": "100",
                            "ingress.2991483532.to_port": "80",
                            "subnet_ids.#": "0",
                            "tags.%": "1",
                            "tags.Name": "main",
                            "vpc_id": "vpc-0fa24007fa183622e"
                        },
                        "meta": {},
                        "tainted": false
                    },
                    "deposed": [],
                    "provider": "provider.aws"
                },
                "aws_route.private_route": {
                    "type": "aws_route",
                    "depends_on": [
                        "aws_nat_gateway.nat",
                        "aws_route_table.private_route_table"
                    ],
                    "primary": {
                        "id": "r-rtb-020432a717f4c128e1670199550",
                        "attributes": {
                            "destination_cidr_block": "10.3.0.0/18",
                            "destination_prefix_list_id": "",
                            "egress_only_gateway_id": "",
                            "gateway_id": "",
                            "id": "r-rtb-020432a717f4c128e1670199550",
                            "instance_id": "",
                            "instance_owner_id": "",
                            "nat_gateway_id": "nat-093977c4b8ec467cd",
                            "network_interface_id": "",
                            "origin": "CreateRoute",
                            "route_table_id": "rtb-020432a717f4c128e",
                            "state": "active",
                            "vpc_peering_connection_id": ""
                        },
                        "meta": {
                            "e2bfb730-ecaa-11e6-8f88-34363bc7c4c0": {
                                "create": 120000000000,
                                "delete": 300000000000
                            }
                        },
                        "tainted": false
                    },
                    "deposed": [],
                    "provider": "provider.aws"
                },
                "aws_route.pub_route": {
                    "type": "aws_route",
                    "depends_on": [
                        "aws_internet_gateway.ig",
                        "aws_vpc.vpc"
                    ],
                    "primary": {
                        "id": "r-rtb-03186ada64a55e2531080289494",
                        "attributes": {
                            "destination_cidr_block": "0.0.0.0/0",
                            "destination_prefix_list_id": "",
                            "egress_only_gateway_id": "",
                            "gateway_id": "igw-037231af0e7600e93",
                            "id": "r-rtb-03186ada64a55e2531080289494",
                            "instance_id": "",
                            "instance_owner_id": "",
                            "nat_gateway_id": "",
                            "network_interface_id": "",
                            "origin": "CreateRoute",
                            "route_table_id": "rtb-03186ada64a55e253",
                            "state": "active",
                            "vpc_peering_connection_id": ""
                        },
                        "meta": {
                            "e2bfb730-ecaa-11e6-8f88-34363bc7c4c0": {
                                "create": 120000000000,
                                "delete": 300000000000
                            }
                        },
                        "tainted": false
                    },
                    "deposed": [],
                    "provider": "provider.aws"
                },
                "aws_route_table.private_route_table": {
                    "type": "aws_route_table",
                    "depends_on": [
                        "aws_vpc.vpc"
                    ],
                    "primary": {
                        "id": "rtb-020432a717f4c128e",
                        "attributes": {
                            "id": "rtb-020432a717f4c128e",
                            "propagating_vgws.#": "0",
                            "route.#": "2",
                            "route.1989086631.cidr_block": "0.0.0.0/0",
                            "route.1989086631.egress_only_gateway_id": "",
                            "route.1989086631.gateway_id": "",
                            "route.1989086631.instance_id": "",
                            "route.1989086631.ipv6_cidr_block": "",
                            "route.1989086631.nat_gateway_id": "nat-093977c4b8ec467cd",
                            "route.1989086631.network_interface_id": "",
                            "route.1989086631.vpc_peering_connection_id": "",
                            "route.48490595.cidr_block": "10.3.0.0/18",
                            "route.48490595.egress_only_gateway_id": "",
                            "route.48490595.gateway_id": "",
                            "route.48490595.instance_id": "",
                            "route.48490595.ipv6_cidr_block": "",
                            "route.48490595.nat_gateway_id": "nat-093977c4b8ec467cd",
                            "route.48490595.network_interface_id": "",
                            "route.48490595.vpc_peering_connection_id": "",
                            "tags.%": "1",
                            "tags.Name": "private subnet route table",
                            "vpc_id": "vpc-0fa24007fa183622e"
                        },
                        "meta": {},
                        "tainted": false
                    },
                    "deposed": [],
                    "provider": "provider.aws"
                },
                "aws_route_table_association.private_association": {
                    "type": "aws_route_table_association",
                    "depends_on": [
                        "aws_route_table.private_route_table",
                        "aws_subnet.PriSub1"
                    ],
                    "primary": {
                        "id": "rtbassoc-0b2713fc7e29025ab",
                        "attributes": {
                            "id": "rtbassoc-0b2713fc7e29025ab",
                            "route_table_id": "rtb-020432a717f4c128e",
                            "subnet_id": "subnet-0f2483b491febb3fc"
                        },
                        "meta": {},
                        "tainted": false
                    },
                    "deposed": [],
                    "provider": "provider.aws"
                },
                "aws_route_table_association.public_association": {
                    "type": "aws_route_table_association",
                    "depends_on": [
                        "aws_subnet.PubSub1",
                        "aws_vpc.vpc"
                    ],
                    "primary": {
                        "id": "rtbassoc-09e7829bb015c5df0",
                        "attributes": {
                            "id": "rtbassoc-09e7829bb015c5df0",
                            "route_table_id": "rtb-03186ada64a55e253",
                            "subnet_id": "subnet-057bd9c00fe3564b3"
                        },
                        "meta": {},
                        "tainted": false
                    },
                    "deposed": [],
                    "provider": "provider.aws"
                },
                "aws_security_group.sg": {
                    "type": "aws_security_group",
                    "depends_on": [
                        "aws_vpc.vpc"
                    ],
                    "primary": {
                        "id": "sg-047e9a4cc52e3f061",
                        "attributes": {
                            "arn": "arn:aws:ec2:us-east-2:721603789875:security-group/sg-047e9a4cc52e3f061",
                            "description": "Allow all inbound traffic",
                            "egress.#": "1",
                            "egress.1986995490.cidr_blocks.#": "1",
                            "egress.1986995490.cidr_blocks.0": "0.0.0.0/0",
                            "egress.1986995490.description": "",
                            "egress.1986995490.from_port": "0",
                            "egress.1986995490.ipv6_cidr_blocks.#": "1",
                            "egress.1986995490.ipv6_cidr_blocks.0": "::/0",
                            "egress.1986995490.prefix_list_ids.#": "0",
                            "egress.1986995490.protocol": "-1",
                            "egress.1986995490.security_groups.#": "0",
                            "egress.1986995490.self": "false",
                            "egress.1986995490.to_port": "0",
                            "id": "sg-047e9a4cc52e3f061",
                            "ingress.#": "5",
                            "ingress.1403647648.cidr_blocks.#": "1",
                            "ingress.1403647648.cidr_blocks.0": "0.0.0.0/0",
                            "ingress.1403647648.description": "",
                            "ingress.1403647648.from_port": "0",
                            "ingress.1403647648.ipv6_cidr_blocks.#": "0",
                            "ingress.1403647648.prefix_list_ids.#": "0",
                            "ingress.1403647648.protocol": "tcp",
                            "ingress.1403647648.security_groups.#": "0",
                            "ingress.1403647648.self": "false",
                            "ingress.1403647648.to_port": "65535",
                            "ingress.1799340084.cidr_blocks.#": "1",
                            "ingress.1799340084.cidr_blocks.0": "0.0.0.0/0",
                            "ingress.1799340084.description": "",
                            "ingress.1799340084.from_port": "-1",
                            "ingress.1799340084.ipv6_cidr_blocks.#": "0",
                            "ingress.1799340084.prefix_list_ids.#": "0",
                            "ingress.1799340084.protocol": "icmp",
                            "ingress.1799340084.security_groups.#": "0",
                            "ingress.1799340084.self": "false",
                            "ingress.1799340084.to_port": "-1",
                            "ingress.2214680975.cidr_blocks.#": "1",
                            "ingress.2214680975.cidr_blocks.0": "0.0.0.0/0",
                            "ingress.2214680975.description": "",
                            "ingress.2214680975.from_port": "80",
                            "ingress.2214680975.ipv6_cidr_blocks.#": "0",
                            "ingress.2214680975.prefix_list_ids.#": "0",
                            "ingress.2214680975.protocol": "tcp",
                            "ingress.2214680975.security_groups.#": "0",
                            "ingress.2214680975.self": "false",
                            "ingress.2214680975.to_port": "80",
                            "ingress.2541437006.cidr_blocks.#": "1",
                            "ingress.2541437006.cidr_blocks.0": "0.0.0.0/0",
                            "ingress.2541437006.description": "",
                            "ingress.2541437006.from_port": "22",
                            "ingress.2541437006.ipv6_cidr_blocks.#": "0",
                            "ingress.2541437006.prefix_list_ids.#": "0",
                            "ingress.2541437006.protocol": "tcp",
                            "ingress.2541437006.security_groups.#": "0",
                            "ingress.2541437006.self": "false",
                            "ingress.2541437006.to_port": "22",
                            "ingress.2617001939.cidr_blocks.#": "1",
                            "ingress.2617001939.cidr_blocks.0": "0.0.0.0/0",
                            "ingress.2617001939.description": "",
                            "ingress.2617001939.from_port": "443",
                            "ingress.2617001939.ipv6_cidr_blocks.#": "0",
                            "ingress.2617001939.prefix_list_ids.#": "0",
                            "ingress.2617001939.protocol": "tcp",
                            "ingress.2617001939.security_groups.#": "0",
                            "ingress.2617001939.self": "false",
                            "ingress.2617001939.to_port": "443",
                            "name": "allow_all",
                            "owner_id": "721603789875",
                            "revoke_rules_on_delete": "false",
                            "tags.%": "1",
                            "tags.Name": "SecurityGroup",
                            "vpc_id": "vpc-0fa24007fa183622e"
                        },
                        "meta": {
                            "e2bfb730-ecaa-11e6-8f88-34363bc7c4c0": {
                                "create": 600000000000,
                                "delete": 600000000000
                            },
                            "schema_version": "1"
                        },
                        "tainted": false
                    },
                    "deposed": [],
                    "provider": "provider.aws"
                },
                "aws_security_group.sgdb": {
                    "type": "aws_security_group",
                    "depends_on": [
                        "aws_vpc.vpc"
                    ],
                    "primary": {
                        "id": "sg-054e566caf80b68d8",
                        "attributes": {
                            "arn": "arn:aws:ec2:us-east-2:721603789875:security-group/sg-054e566caf80b68d8",
                            "description": "Allow traffic from public subnet",
                            "egress.#": "1",
                            "egress.1986995490.cidr_blocks.#": "1",
                            "egress.1986995490.cidr_blocks.0": "0.0.0.0/0",
                            "egress.1986995490.description": "",
                            "egress.1986995490.from_port": "0",
                            "egress.1986995490.ipv6_cidr_blocks.#": "1",
                            "egress.1986995490.ipv6_cidr_blocks.0": "::/0",
                            "egress.1986995490.prefix_list_ids.#": "0",
                            "egress.1986995490.protocol": "-1",
                            "egress.1986995490.security_groups.#": "0",
                            "egress.1986995490.self": "false",
                            "egress.1986995490.to_port": "0",
                            "id": "sg-054e566caf80b68d8",
                            "ingress.#": "3",
                            "ingress.2582209309.cidr_blocks.#": "1",
                            "ingress.2582209309.cidr_blocks.0": "10.0.1.0/24",
                            "ingress.2582209309.description": "",
                            "ingress.2582209309.from_port": "-1",
                            "ingress.2582209309.ipv6_cidr_blocks.#": "0",
                            "ingress.2582209309.prefix_list_ids.#": "0",
                            "ingress.2582209309.protocol": "icmp",
                            "ingress.2582209309.security_groups.#": "0",
                            "ingress.2582209309.self": "false",
                            "ingress.2582209309.to_port": "-1",
                            "ingress.2709622021.cidr_blocks.#": "1",
                            "ingress.2709622021.cidr_blocks.0": "10.0.1.0/24",
                            "ingress.2709622021.description": "",
                            "ingress.2709622021.from_port": "22",
                            "ingress.2709622021.ipv6_cidr_blocks.#": "0",
                            "ingress.2709622021.prefix_list_ids.#": "0",
                            "ingress.2709622021.protocol": "tcp",
                            "ingress.2709622021.security_groups.#": "0",
                            "ingress.2709622021.self": "false",
                            "ingress.2709622021.to_port": "22",
                            "ingress.957905739.cidr_blocks.#": "1",
                            "ingress.957905739.cidr_blocks.0": "10.0.1.0/24",
                            "ingress.957905739.description": "",
                            "ingress.957905739.from_port": "3306",
                            "ingress.957905739.ipv6_cidr_blocks.#": "0",
                            "ingress.957905739.prefix_list_ids.#": "0",
                            "ingress.957905739.protocol": "tcp",
                            "ingress.957905739.security_groups.#": "0",
                            "ingress.957905739.self": "false",
                            "ingress.957905739.to_port": "3306",
                            "name": "sg_test_web",
                            "owner_id": "721603789875",
                            "revoke_rules_on_delete": "false",
                            "tags.%": "1",
                            "tags.Name": "Private SG",
                            "vpc_id": "vpc-0fa24007fa183622e"
                        },
                        "meta": {
                            "e2bfb730-ecaa-11e6-8f88-34363bc7c4c0": {
                                "create": 600000000000,
                                "delete": 600000000000
                            },
                            "schema_version": "1"
                        },
                        "tainted": false
                    },
                    "deposed": [],
                    "provider": "provider.aws"
                },
                "aws_subnet.PriSub1": {
                    "type": "aws_subnet",
                    "depends_on": [
                        "aws_vpc.vpc"
                    ],
                    "primary": {
                        "id": "subnet-0f2483b491febb3fc",
                        "attributes": {
                            "arn": "arn:aws:ec2:us-east-2:721603789875:subnet/subnet-0f2483b491febb3fc",
                            "assign_ipv6_address_on_creation": "false",
                            "availability_zone": "us-east-2c",
                            "cidr_block": "10.0.3.0/24",
                            "id": "subnet-0f2483b491febb3fc",
                            "map_public_ip_on_launch": "false",
                            "tags.%": "1",
                            "tags.Name": "PrivateSubnet1",
                            "vpc_id": "vpc-0fa24007fa183622e"
                        },
                        "meta": {
                            "e2bfb730-ecaa-11e6-8f88-34363bc7c4c0": {
                                "create": 600000000000,
                                "delete": 600000000000
                            },
                            "schema_version": "1"
                        },
                        "tainted": false
                    },
                    "deposed": [],
                    "provider": "provider.aws"
                },
                "aws_subnet.PubSub1": {
                    "type": "aws_subnet",
                    "depends_on": [
                        "aws_vpc.vpc"
                    ],
                    "primary": {
                        "id": "subnet-057bd9c00fe3564b3",
                        "attributes": {
                            "arn": "arn:aws:ec2:us-east-2:721603789875:subnet/subnet-057bd9c00fe3564b3",
                            "assign_ipv6_address_on_creation": "false",
                            "availability_zone": "us-east-2c",
                            "cidr_block": "10.0.1.0/24",
                            "id": "subnet-057bd9c00fe3564b3",
                            "map_public_ip_on_launch": "false",
                            "tags.%": "1",
                            "tags.Name": "PublicSubnet1",
                            "vpc_id": "vpc-0fa24007fa183622e"
                        },
                        "meta": {
                            "e2bfb730-ecaa-11e6-8f88-34363bc7c4c0": {
                                "create": 600000000000,
                                "delete": 600000000000
                            },
                            "schema_version": "1"
                        },
                        "tainted": false
                    },
                    "deposed": [],
                    "provider": "provider.aws"
                },
                "aws_vpc.vpc": {
                    "type": "aws_vpc",
                    "depends_on": [],
                    "primary": {
                        "id": "vpc-0fa24007fa183622e",
                        "attributes": {
                            "arn": "arn:aws:ec2:us-east-2:721603789875:vpc/vpc-0fa24007fa183622e",
                            "assign_generated_ipv6_cidr_block": "false",
                            "cidr_block": "10.0.0.0/16",
                            "default_network_acl_id": "acl-0abcd6e17c3aced2e",
                            "default_route_table_id": "rtb-03186ada64a55e253",
                            "default_security_group_id": "sg-0afeaf1c87623e325",
                            "dhcp_options_id": "dopt-092e64b853476d8fe",
                            "enable_dns_hostnames": "true",
                            "enable_dns_support": "true",
                            "id": "vpc-0fa24007fa183622e",
                            "instance_tenancy": "default",
                            "main_route_table_id": "rtb-03186ada64a55e253",
                            "tags.%": "1",
                            "tags.Name": "Vpc"
                        },
                        "meta": {
                            "schema_version": "1"
                        },
                        "tainted": false
                    },
                    "deposed": [],
                    "provider": "provider.aws"
                }
            },
            "depends_on": []
        }
    ]
}
